// !$*UTF8*$!
{
	archiveVersion = 1;
	classes = {
	};
	objectVersion = 56;
	objects = {

/* Begin PBXBuildFile section */
		1F7F3EE62AAB8ED2003F6B2D /* MealModel.swift in Sources */ = {isa = PBXBuildFile; fileRef = 1F7F3EE52AAB8ED2003F6B2D /* MealModel.swift */; };
		1F7F3EE82AAB9196003F6B2D /* MealListUseCase.swift in Sources */ = {isa = PBXBuildFile; fileRef = 1F7F3EE72AAB9196003F6B2D /* MealListUseCase.swift */; };
		1F7F3EEB2AAB9244003F6B2D /* MealListViewModel.swift in Sources */ = {isa = PBXBuildFile; fileRef = 1F7F3EEA2AAB9244003F6B2D /* MealListViewModel.swift */; };
		1F8A18A92AA9A7CD009FFB26 /* SwiftUIChallengeApp.swift in Sources */ = {isa = PBXBuildFile; fileRef = 1F8A18A82AA9A7CD009FFB26 /* SwiftUIChallengeApp.swift */; };
		1F8A18AB2AA9A7CD009FFB26 /* ContentView.swift in Sources */ = {isa = PBXBuildFile; fileRef = 1F8A18AA2AA9A7CD009FFB26 /* ContentView.swift */; };
		1F8A18AD2AA9A7D1009FFB26 /* Assets.xcassets in Resources */ = {isa = PBXBuildFile; fileRef = 1F8A18AC2AA9A7D1009FFB26 /* Assets.xcassets */; };
		1F8A18B02AA9A7D1009FFB26 /* Preview Assets.xcassets in Resources */ = {isa = PBXBuildFile; fileRef = 1F8A18AF2AA9A7D1009FFB26 /* Preview Assets.xcassets */; };
		1F8A18BA2AA9A7D1009FFB26 /* SwiftUIChallengeTests.swift in Sources */ = {isa = PBXBuildFile; fileRef = 1F8A18B92AA9A7D1009FFB26 /* SwiftUIChallengeTests.swift */; };
		1F8A18C42AA9A7D1009FFB26 /* SwiftUIChallengeUITests.swift in Sources */ = {isa = PBXBuildFile; fileRef = 1F8A18C32AA9A7D1009FFB26 /* SwiftUIChallengeUITests.swift */; };
		1F8A18C62AA9A7D1009FFB26 /* SwiftUIChallengeUITestsLaunchTests.swift in Sources */ = {isa = PBXBuildFile; fileRef = 1F8A18C52AA9A7D1009FFB26 /* SwiftUIChallengeUITestsLaunchTests.swift */; };
		1F8A18D72AAA7C4F009FFB26 /* ReadMe in Resources */ = {isa = PBXBuildFile; fileRef = 1F8A18D62AAA7C4F009FFB26 /* ReadMe */; };
		1F95587E2AAAC89A0047D7F4 /* NetworkServiceProtocol.swift in Sources */ = {isa = PBXBuildFile; fileRef = 1F95587D2AAAC89A0047D7F4 /* NetworkServiceProtocol.swift */; };
		1F9558802AAAE8970047D7F4 /* NetworkService.swift in Sources */ = {isa = PBXBuildFile; fileRef = 1F95587F2AAAE8970047D7F4 /* NetworkService.swift */; };
/* End PBXBuildFile section */

/* Begin PBXContainerItemProxy section */
		1F8A18B62AA9A7D1009FFB26 /* PBXContainerItemProxy */ = {
			isa = PBXContainerItemProxy;
			containerPortal = 1F8A189D2AA9A7CD009FFB26 /* Project object */;
			proxyType = 1;
			remoteGlobalIDString = 1F8A18A42AA9A7CD009FFB26;
			remoteInfo = SwiftUIChallenge;
		};
		1F8A18C02AA9A7D1009FFB26 /* PBXContainerItemProxy */ = {
			isa = PBXContainerItemProxy;
			containerPortal = 1F8A189D2AA9A7CD009FFB26 /* Project object */;
			proxyType = 1;
			remoteGlobalIDString = 1F8A18A42AA9A7CD009FFB26;
			remoteInfo = SwiftUIChallenge;
		};
/* End PBXContainerItemProxy section */

/* Begin PBXFileReference section */
		1F7F3EE52AAB8ED2003F6B2D /* MealModel.swift */ = {isa = PBXFileReference; lastKnownFileType = sourcecode.swift; path = MealModel.swift; sourceTree = "<group>"; };
		1F7F3EE72AAB9196003F6B2D /* MealListUseCase.swift */ = {isa = PBXFileReference; lastKnownFileType = sourcecode.swift; path = MealListUseCase.swift; sourceTree = "<group>"; };
		1F7F3EEA2AAB9244003F6B2D /* MealListViewModel.swift */ = {isa = PBXFileReference; lastKnownFileType = sourcecode.swift; path = MealListViewModel.swift; sourceTree = "<group>"; };
		1F8A18A52AA9A7CD009FFB26 /* SwiftUIChallenge.app */ = {isa = PBXFileReference; explicitFileType = wrapper.application; includeInIndex = 0; path = SwiftUIChallenge.app; sourceTree = BUILT_PRODUCTS_DIR; };
		1F8A18A82AA9A7CD009FFB26 /* SwiftUIChallengeApp.swift */ = {isa = PBXFileReference; lastKnownFileType = sourcecode.swift; path = SwiftUIChallengeApp.swift; sourceTree = "<group>"; };
		1F8A18AA2AA9A7CD009FFB26 /* ContentView.swift */ = {isa = PBXFileReference; lastKnownFileType = sourcecode.swift; path = ContentView.swift; sourceTree = "<group>"; };
		1F8A18AC2AA9A7D1009FFB26 /* Assets.xcassets */ = {isa = PBXFileReference; lastKnownFileType = folder.assetcatalog; path = Assets.xcassets; sourceTree = "<group>"; };
		1F8A18AF2AA9A7D1009FFB26 /* Preview Assets.xcassets */ = {isa = PBXFileReference; lastKnownFileType = folder.assetcatalog; path = "Preview Assets.xcassets"; sourceTree = "<group>"; };
		1F8A18B52AA9A7D1009FFB26 /* SwiftUIChallengeTests.xctest */ = {isa = PBXFileReference; explicitFileType = wrapper.cfbundle; includeInIndex = 0; path = SwiftUIChallengeTests.xctest; sourceTree = BUILT_PRODUCTS_DIR; };
		1F8A18B92AA9A7D1009FFB26 /* SwiftUIChallengeTests.swift */ = {isa = PBXFileReference; lastKnownFileType = sourcecode.swift; path = SwiftUIChallengeTests.swift; sourceTree = "<group>"; };
		1F8A18BF2AA9A7D1009FFB26 /* SwiftUIChallengeUITests.xctest */ = {isa = PBXFileReference; explicitFileType = wrapper.cfbundle; includeInIndex = 0; path = SwiftUIChallengeUITests.xctest; sourceTree = BUILT_PRODUCTS_DIR; };
		1F8A18C32AA9A7D1009FFB26 /* SwiftUIChallengeUITests.swift */ = {isa = PBXFileReference; lastKnownFileType = sourcecode.swift; path = SwiftUIChallengeUITests.swift; sourceTree = "<group>"; };
		1F8A18C52AA9A7D1009FFB26 /* SwiftUIChallengeUITestsLaunchTests.swift */ = {isa = PBXFileReference; lastKnownFileType = sourcecode.swift; path = SwiftUIChallengeUITestsLaunchTests.swift; sourceTree = "<group>"; };
		1F8A18D62AAA7C4F009FFB26 /* ReadMe */ = {isa = PBXFileReference; lastKnownFileType = text; path = ReadMe; sourceTree = "<group>"; };
		1F95587D2AAAC89A0047D7F4 /* NetworkServiceProtocol.swift */ = {isa = PBXFileReference; lastKnownFileType = sourcecode.swift; path = NetworkServiceProtocol.swift; sourceTree = "<group>"; };
		1F95587F2AAAE8970047D7F4 /* NetworkService.swift */ = {isa = PBXFileReference; lastKnownFileType = sourcecode.swift; path = NetworkService.swift; sourceTree = "<group>"; };
/* End PBXFileReference section */

/* Begin PBXFrameworksBuildPhase section */
		1F8A18A22AA9A7CD009FFB26 /* Frameworks */ = {
			isa = PBXFrameworksBuildPhase;
			buildActionMask = 2147483647;
			files = (
			);
			runOnlyForDeploymentPostprocessing = 0;
		};
		1F8A18B22AA9A7D1009FFB26 /* Frameworks */ = {
			isa = PBXFrameworksBuildPhase;
			buildActionMask = 2147483647;
			files = (
			);
			runOnlyForDeploymentPostprocessing = 0;
		};
		1F8A18BC2AA9A7D1009FFB26 /* Frameworks */ = {
			isa = PBXFrameworksBuildPhase;
			buildActionMask = 2147483647;
			files = (
			);
			runOnlyForDeploymentPostprocessing = 0;
		};
/* End PBXFrameworksBuildPhase section */

/* Begin PBXGroup section */
		1F7F3EE12AAB8DDE003F6B2D /* UseCase */ = {
			isa = PBXGroup;
			children = (
				1F7F3EE72AAB9196003F6B2D /* MealListUseCase.swift */,
			);
			path = UseCase;
			sourceTree = "<group>";
		};
		1F7F3EE22AAB8DE6003F6B2D /* Model */ = {
			isa = PBXGroup;
			children = (
				1F7F3EE52AAB8ED2003F6B2D /* MealModel.swift */,
			);
			path = Model;
			sourceTree = "<group>";
		};
		1F7F3EE32AAB8DFC003F6B2D /* MealDomain */ = {
			isa = PBXGroup;
			children = (
				1F7F3EE22AAB8DE6003F6B2D /* Model */,
				1F7F3EEC2AAB92AC003F6B2D /* MealList */,
			);
			path = MealDomain;
			sourceTree = "<group>";
		};
		1F7F3EE42AAB8E0D003F6B2D /* Mapper */ = {
			isa = PBXGroup;
			children = (
			);
			path = Mapper;
			sourceTree = "<group>";
		};
		1F7F3EE92AAB9231003F6B2D /* ViewModel */ = {
			isa = PBXGroup;
			children = (
				1F7F3EEA2AAB9244003F6B2D /* MealListViewModel.swift */,
			);
			path = ViewModel;
			sourceTree = "<group>";
		};
		1F7F3EEC2AAB92AC003F6B2D /* MealList */ = {
			isa = PBXGroup;
			children = (
				1F7F3EE12AAB8DDE003F6B2D /* UseCase */,
				1F7F3EE42AAB8E0D003F6B2D /* Mapper */,
				1F7F3EE92AAB9231003F6B2D /* ViewModel */,
			);
			path = MealList;
			sourceTree = "<group>";
		};
		1F8A189C2AA9A7CD009FFB26 = {
			isa = PBXGroup;
			children = (
				1F8A18D62AAA7C4F009FFB26 /* ReadMe */,
				1F8A18A72AA9A7CD009FFB26 /* SwiftUIChallenge */,
				1F8A18B82AA9A7D1009FFB26 /* SwiftUIChallengeTests */,
				1F8A18C22AA9A7D1009FFB26 /* SwiftUIChallengeUITests */,
				1F8A18A62AA9A7CD009FFB26 /* Products */,
			);
			sourceTree = "<group>";
		};
		1F8A18A62AA9A7CD009FFB26 /* Products */ = {
			isa = PBXGroup;
			children = (
				1F8A18A52AA9A7CD009FFB26 /* SwiftUIChallenge.app */,
				1F8A18B52AA9A7D1009FFB26 /* SwiftUIChallengeTests.xctest */,
				1F8A18BF2AA9A7D1009FFB26 /* SwiftUIChallengeUITests.xctest */,
			);
			name = Products;
			sourceTree = "<group>";
		};
		1F8A18A72AA9A7CD009FFB26 /* SwiftUIChallenge */ = {
			isa = PBXGroup;
			children = (
				1F95587B2AAAC6F20047D7F4 /* Presentation */,
				1F95587A2AAAC6EB0047D7F4 /* Domain */,
				1F9558792AAAC6E00047D7F4 /* Infrastructure */,
				1F8A18AC2AA9A7D1009FFB26 /* Assets.xcassets */,
				1F8A18AE2AA9A7D1009FFB26 /* Preview Content */,
			);
			path = SwiftUIChallenge;
			sourceTree = "<group>";
		};
		1F8A18AE2AA9A7D1009FFB26 /* Preview Content */ = {
			isa = PBXGroup;
			children = (
				1F8A18AF2AA9A7D1009FFB26 /* Preview Assets.xcassets */,
			);
			path = "Preview Content";
			sourceTree = "<group>";
		};
		1F8A18B82AA9A7D1009FFB26 /* SwiftUIChallengeTests */ = {
			isa = PBXGroup;
			children = (
				1F8A18B92AA9A7D1009FFB26 /* SwiftUIChallengeTests.swift */,
			);
			path = SwiftUIChallengeTests;
			sourceTree = "<group>";
		};
		1F8A18C22AA9A7D1009FFB26 /* SwiftUIChallengeUITests */ = {
			isa = PBXGroup;
			children = (
				1F8A18C32AA9A7D1009FFB26 /* SwiftUIChallengeUITests.swift */,
				1F8A18C52AA9A7D1009FFB26 /* SwiftUIChallengeUITestsLaunchTests.swift */,
			);
			path = SwiftUIChallengeUITests;
			sourceTree = "<group>";
		};
		1F9558792AAAC6E00047D7F4 /* Infrastructure */ = {
			isa = PBXGroup;
			children = (
				1F95587C2AAAC7CD0047D7F4 /* Network */,
			);
			path = Infrastructure;
			sourceTree = "<group>";
		};
		1F95587A2AAAC6EB0047D7F4 /* Domain */ = {
			isa = PBXGroup;
			children = (
				1F7F3EE32AAB8DFC003F6B2D /* MealDomain */,
			);
			path = Domain;
			sourceTree = "<group>";
		};
		1F95587B2AAAC6F20047D7F4 /* Presentation */ = {
			isa = PBXGroup;
			children = (
				1F8A18A82AA9A7CD009FFB26 /* SwiftUIChallengeApp.swift */,
				1F8A18AA2AA9A7CD009FFB26 /* ContentView.swift */,
			);
			path = Presentation;
			sourceTree = "<group>";
		};
		1F95587C2AAAC7CD0047D7F4 /* Network */ = {
			isa = PBXGroup;
			children = (
				1F95587D2AAAC89A0047D7F4 /* NetworkServiceProtocol.swift */,
				1F95587F2AAAE8970047D7F4 /* NetworkService.swift */,
			);
			path = Network;
			sourceTree = "<group>";
		};
/* End PBXGroup section */

/* Begin PBXNativeTarget section */
		1F8A18A42AA9A7CD009FFB26 /* SwiftUIChallenge */ = {
			isa = PBXNativeTarget;
			buildConfigurationList = 1F8A18C92AA9A7D1009FFB26 /* Build configuration list for PBXNativeTarget "SwiftUIChallenge" */;
			buildPhases = (
				1F8A18A12AA9A7CD009FFB26 /* Sources */,
				1F8A18A22AA9A7CD009FFB26 /* Frameworks */,
				1F8A18A32AA9A7CD009FFB26 /* Resources */,
			);
			buildRules = (
			);
			dependencies = (
			);
			name = SwiftUIChallenge;
			productName = SwiftUIChallenge;
			productReference = 1F8A18A52AA9A7CD009FFB26 /* SwiftUIChallenge.app */;
			productType = "com.apple.product-type.application";
		};
		1F8A18B42AA9A7D1009FFB26 /* SwiftUIChallengeTests */ = {
			isa = PBXNativeTarget;
			buildConfigurationList = 1F8A18CC2AA9A7D1009FFB26 /* Build configuration list for PBXNativeTarget "SwiftUIChallengeTests" */;
			buildPhases = (
				1F8A18B12AA9A7D1009FFB26 /* Sources */,
				1F8A18B22AA9A7D1009FFB26 /* Frameworks */,
				1F8A18B32AA9A7D1009FFB26 /* Resources */,
			);
			buildRules = (
			);
			dependencies = (
				1F8A18B72AA9A7D1009FFB26 /* PBXTargetDependency */,
			);
			name = SwiftUIChallengeTests;
			productName = SwiftUIChallengeTests;
			productReference = 1F8A18B52AA9A7D1009FFB26 /* SwiftUIChallengeTests.xctest */;
			productType = "com.apple.product-type.bundle.unit-test";
		};
		1F8A18BE2AA9A7D1009FFB26 /* SwiftUIChallengeUITests */ = {
			isa = PBXNativeTarget;
			buildConfigurationList = 1F8A18CF2AA9A7D1009FFB26 /* Build configuration list for PBXNativeTarget "SwiftUIChallengeUITests" */;
			buildPhases = (
				1F8A18BB2AA9A7D1009FFB26 /* Sources */,
				1F8A18BC2AA9A7D1009FFB26 /* Frameworks */,
				1F8A18BD2AA9A7D1009FFB26 /* Resources */,
			);
			buildRules = (
			);
			dependencies = (
				1F8A18C12AA9A7D1009FFB26 /* PBXTargetDependency */,
			);
			name = SwiftUIChallengeUITests;
			productName = SwiftUIChallengeUITests;
			productReference = 1F8A18BF2AA9A7D1009FFB26 /* SwiftUIChallengeUITests.xctest */;
			productType = "com.apple.product-type.bundle.ui-testing";
		};
/* End PBXNativeTarget section */

/* Begin PBXProject section */
		1F8A189D2AA9A7CD009FFB26 /* Project object */ = {
			isa = PBXProject;
			attributes = {
				BuildIndependentTargetsInParallel = 1;
				LastSwiftUpdateCheck = 1430;
				LastUpgradeCheck = 1430;
				TargetAttributes = {
					1F8A18A42AA9A7CD009FFB26 = {
						CreatedOnToolsVersion = 14.3.1;
					};
					1F8A18B42AA9A7D1009FFB26 = {
						CreatedOnToolsVersion = 14.3.1;
						TestTargetID = 1F8A18A42AA9A7CD009FFB26;
					};
					1F8A18BE2AA9A7D1009FFB26 = {
						CreatedOnToolsVersion = 14.3.1;
						TestTargetID = 1F8A18A42AA9A7CD009FFB26;
					};
				};
			};
			buildConfigurationList = 1F8A18A02AA9A7CD009FFB26 /* Build configuration list for PBXProject "SwiftUIChallenge" */;
			compatibilityVersion = "Xcode 14.0";
			developmentRegion = en;
			hasScannedForEncodings = 0;
			knownRegions = (
				en,
				Base,
			);
			mainGroup = 1F8A189C2AA9A7CD009FFB26;
			productRefGroup = 1F8A18A62AA9A7CD009FFB26 /* Products */;
			projectDirPath = "";
			projectRoot = "";
			targets = (
				1F8A18A42AA9A7CD009FFB26 /* SwiftUIChallenge */,
				1F8A18B42AA9A7D1009FFB26 /* SwiftUIChallengeTests */,
				1F8A18BE2AA9A7D1009FFB26 /* SwiftUIChallengeUITests */,
			);
		};
/* End PBXProject section */

/* Begin PBXResourcesBuildPhase section */
		1F8A18A32AA9A7CD009FFB26 /* Resources */ = {
			isa = PBXResourcesBuildPhase;
			buildActionMask = 2147483647;
			files = (
				1F8A18B02AA9A7D1009FFB26 /* Preview Assets.xcassets in Resources */,
				1F8A18AD2AA9A7D1009FFB26 /* Assets.xcassets in Resources */,
				1F8A18D72AAA7C4F009FFB26 /* ReadMe in Resources */,
			);
			runOnlyForDeploymentPostprocessing = 0;
		};
		1F8A18B32AA9A7D1009FFB26 /* Resources */ = {
			isa = PBXResourcesBuildPhase;
			buildActionMask = 2147483647;
			files = (
			);
			runOnlyForDeploymentPostprocessing = 0;
		};
		1F8A18BD2AA9A7D1009FFB26 /* Resources */ = {
			isa = PBXResourcesBuildPhase;
			buildActionMask = 2147483647;
			files = (
			);
			runOnlyForDeploymentPostprocessing = 0;
		};
/* End PBXResourcesBuildPhase section */

/* Begin PBXSourcesBuildPhase section */
		1F8A18A12AA9A7CD009FFB26 /* Sources */ = {
			isa = PBXSourcesBuildPhase;
			buildActionMask = 2147483647;
			files = (
				1F7F3EE62AAB8ED2003F6B2D /* MealModel.swift in Sources */,
				1F8A18AB2AA9A7CD009FFB26 /* ContentView.swift in Sources */,
				1F7F3EEB2AAB9244003F6B2D /* MealListViewModel.swift in Sources */,
				1F7F3EE82AAB9196003F6B2D /* MealListUseCase.swift in Sources */,
				1F8A18A92AA9A7CD009FFB26 /* SwiftUIChallengeApp.swift in Sources */,
				1F9558802AAAE8970047D7F4 /* NetworkService.swift in Sources */,
				1F95587E2AAAC89A0047D7F4 /* NetworkServiceProtocol.swift in Sources */,
			);
			runOnlyForDeploymentPostprocessing = 0;
		};
		1F8A18B12AA9A7D1009FFB26 /* Sources */ = {
			isa = PBXSourcesBuildPhase;
			buildActionMask = 2147483647;
			files = (
				1F8A18BA2AA9A7D1009FFB26 /* SwiftUIChallengeTests.swift in Sources */,
			);
			runOnlyForDeploymentPostprocessing = 0;
		};
		1F8A18BB2AA9A7D1009FFB26 /* Sources */ = {
			isa = PBXSourcesBuildPhase;
			buildActionMask = 2147483647;
			files = (
				1F8A18C62AA9A7D1009FFB26 /* SwiftUIChallengeUITestsLaunchTests.swift in Sources */,
				1F8A18C42AA9A7D1009FFB26 /* SwiftUIChallengeUITests.swift in Sources */,
			);
			runOnlyForDeploymentPostprocessing = 0;
		};
/* End PBXSourcesBuildPhase section */

/* Begin PBXTargetDependency section */
		1F8A18B72AA9A7D1009FFB26 /* PBXTargetDependency */ = {
			isa = PBXTargetDependency;
			target = 1F8A18A42AA9A7CD009FFB26 /* SwiftUIChallenge */;
			targetProxy = 1F8A18B62AA9A7D1009FFB26 /* PBXContainerItemProxy */;
		};
		1F8A18C12AA9A7D1009FFB26 /* PBXTargetDependency */ = {
			isa = PBXTargetDependency;
			target = 1F8A18A42AA9A7CD009FFB26 /* SwiftUIChallenge */;
			targetProxy = 1F8A18C02AA9A7D1009FFB26 /* PBXContainerItemProxy */;
		};
/* End PBXTargetDependency section */

/* Begin XCBuildConfiguration section */
		1F8A18C72AA9A7D1009FFB26 /* Debug */ = {
			isa = XCBuildConfiguration;
			buildSettings = {
				ALWAYS_SEARCH_USER_PATHS = NO;
				CLANG_ANALYZER_NONNULL = YES;
				CLANG_ANALYZER_NUMBER_OBJECT_CONVERSION = YES_AGGRESSIVE;
				CLANG_CXX_LANGUAGE_STANDARD = "gnu++20";
				CLANG_ENABLE_MODULES = YES;
				CLANG_ENABLE_OBJC_ARC = YES;
				CLANG_ENABLE_OBJC_WEAK = YES;
				CLANG_WARN_BLOCK_CAPTURE_AUTORELEASING = YES;
				CLANG_WARN_BOOL_CONVERSION = YES;
				CLANG_WARN_COMMA = YES;
				CLANG_WARN_CONSTANT_CONVERSION = YES;
				CLANG_WARN_DEPRECATED_OBJC_IMPLEMENTATIONS = YES;
				CLANG_WARN_DIRECT_OBJC_ISA_USAGE = YES_ERROR;
				CLANG_WARN_DOCUMENTATION_COMMENTS = YES;
				CLANG_WARN_EMPTY_BODY = YES;
				CLANG_WARN_ENUM_CONVERSION = YES;
				CLANG_WARN_INFINITE_RECURSION = YES;
				CLANG_WARN_INT_CONVERSION = YES;
				CLANG_WARN_NON_LITERAL_NULL_CONVERSION = YES;
				CLANG_WARN_OBJC_IMPLICIT_RETAIN_SELF = YES;
				CLANG_WARN_OBJC_LITERAL_CONVERSION = YES;
				CLANG_WARN_OBJC_ROOT_CLASS = YES_ERROR;
				CLANG_WARN_QUOTED_INCLUDE_IN_FRAMEWORK_HEADER = YES;
				CLANG_WARN_RANGE_LOOP_ANALYSIS = YES;
				CLANG_WARN_STRICT_PROTOTYPES = YES;
				CLANG_WARN_SUSPICIOUS_MOVE = YES;
				CLANG_WARN_UNGUARDED_AVAILABILITY = YES_AGGRESSIVE;
				CLANG_WARN_UNREACHABLE_CODE = YES;
				CLANG_WARN__DUPLICATE_METHOD_MATCH = YES;
				COPY_PHASE_STRIP = NO;
				DEBUG_INFORMATION_FORMAT = dwarf;
				ENABLE_STRICT_OBJC_MSGSEND = YES;
				ENABLE_TESTABILITY = YES;
				GCC_C_LANGUAGE_STANDARD = gnu11;
				GCC_DYNAMIC_NO_PIC = NO;
				GCC_NO_COMMON_BLOCKS = YES;
				GCC_OPTIMIZATION_LEVEL = 0;
				GCC_PREPROCESSOR_DEFINITIONS = (
					"DEBUG=1",
					"$(inherited)",
				);
				GCC_WARN_64_TO_32_BIT_CONVERSION = YES;
				GCC_WARN_ABOUT_RETURN_TYPE = YES_ERROR;
				GCC_WARN_UNDECLARED_SELECTOR = YES;
				GCC_WARN_UNINITIALIZED_AUTOS = YES_AGGRESSIVE;
				GCC_WARN_UNUSED_FUNCTION = YES;
				GCC_WARN_UNUSED_VARIABLE = YES;
				IPHONEOS_DEPLOYMENT_TARGET = 16.4;
				MTL_ENABLE_DEBUG_INFO = INCLUDE_SOURCE;
				MTL_FAST_MATH = YES;
				ONLY_ACTIVE_ARCH = YES;
				SDKROOT = iphoneos;
				SWIFT_ACTIVE_COMPILATION_CONDITIONS = DEBUG;
				SWIFT_OPTIMIZATION_LEVEL = "-Onone";
			};
			name = Debug;
		};
		1F8A18C82AA9A7D1009FFB26 /* Release */ = {
			isa = XCBuildConfiguration;
			buildSettings = {
				ALWAYS_SEARCH_USER_PATHS = NO;
				CLANG_ANALYZER_NONNULL = YES;
				CLANG_ANALYZER_NUMBER_OBJECT_CONVERSION = YES_AGGRESSIVE;
				CLANG_CXX_LANGUAGE_STANDARD = "gnu++20";
				CLANG_ENABLE_MODULES = YES;
				CLANG_ENABLE_OBJC_ARC = YES;
				CLANG_ENABLE_OBJC_WEAK = YES;
				CLANG_WARN_BLOCK_CAPTURE_AUTORELEASING = YES;
				CLANG_WARN_BOOL_CONVERSION = YES;
				CLANG_WARN_COMMA = YES;
				CLANG_WARN_CONSTANT_CONVERSION = YES;
				CLANG_WARN_DEPRECATED_OBJC_IMPLEMENTATIONS = YES;
				CLANG_WARN_DIRECT_OBJC_ISA_USAGE = YES_ERROR;
				CLANG_WARN_DOCUMENTATION_COMMENTS = YES;
				CLANG_WARN_EMPTY_BODY = YES;
				CLANG_WARN_ENUM_CONVERSION = YES;
				CLANG_WARN_INFINITE_RECURSION = YES;
				CLANG_WARN_INT_CONVERSION = YES;
				CLANG_WARN_NON_LITERAL_NULL_CONVERSION = YES;
				CLANG_WARN_OBJC_IMPLICIT_RETAIN_SELF = YES;
				CLANG_WARN_OBJC_LITERAL_CONVERSION = YES;
				CLANG_WARN_OBJC_ROOT_CLASS = YES_ERROR;
				CLANG_WARN_QUOTED_INCLUDE_IN_FRAMEWORK_HEADER = YES;
				CLANG_WARN_RANGE_LOOP_ANALYSIS = YES;
				CLANG_WARN_STRICT_PROTOTYPES = YES;
				CLANG_WARN_SUSPICIOUS_MOVE = YES;
				CLANG_WARN_UNGUARDED_AVAILABILITY = YES_AGGRESSIVE;
				CLANG_WARN_UNREACHABLE_CODE = YES;
				CLANG_WARN__DUPLICATE_METHOD_MATCH = YES;
				COPY_PHASE_STRIP = NO;
				DEBUG_INFORMATION_FORMAT = "dwarf-with-dsym";
				ENABLE_NS_ASSERTIONS = NO;
				ENABLE_STRICT_OBJC_MSGSEND = YES;
				GCC_C_LANGUAGE_STANDARD = gnu11;
				GCC_NO_COMMON_BLOCKS = YES;
				GCC_WARN_64_TO_32_BIT_CONVERSION = YES;
				GCC_WARN_ABOUT_RETURN_TYPE = YES_ERROR;
				GCC_WARN_UNDECLARED_SELECTOR = YES;
				GCC_WARN_UNINITIALIZED_AUTOS = YES_AGGRESSIVE;
				GCC_WARN_UNUSED_FUNCTION = YES;
				GCC_WARN_UNUSED_VARIABLE = YES;
				IPHONEOS_DEPLOYMENT_TARGET = 16.4;
				MTL_ENABLE_DEBUG_INFO = NO;
				MTL_FAST_MATH = YES;
				SDKROOT = iphoneos;
				SWIFT_COMPILATION_MODE = wholemodule;
				SWIFT_OPTIMIZATION_LEVEL = "-O";
				VALIDATE_PRODUCT = YES;
			};
			name = Release;
		};
		1F8A18CA2AA9A7D1009FFB26 /* Debug */ = {
			isa = XCBuildConfiguration;
			buildSettings = {
				ASSETCATALOG_COMPILER_APPICON_NAME = AppIcon;
				ASSETCATALOG_COMPILER_GLOBAL_ACCENT_COLOR_NAME = AccentColor;
				CODE_SIGN_STYLE = Automatic;
				CURRENT_PROJECT_VERSION = 1;
				DEVELOPMENT_ASSET_PATHS = "\"SwiftUIChallenge/Preview Content\"";
				DEVELOPMENT_TEAM = SNTB2L8C6Q;
				ENABLE_PREVIEWS = YES;
				GENERATE_INFOPLIST_FILE = YES;
				INFOPLIST_KEY_UIApplicationSceneManifest_Generation = YES;
				INFOPLIST_KEY_UIApplicationSupportsIndirectInputEvents = YES;
				INFOPLIST_KEY_UILaunchScreen_Generation = YES;
				INFOPLIST_KEY_UISupportedInterfaceOrientations_iPad = "UIInterfaceOrientationPortrait UIInterfaceOrientationPortraitUpsideDown UIInterfaceOrientationLandscapeLeft UIInterfaceOrientationLandscapeRight";
				INFOPLIST_KEY_UISupportedInterfaceOrientations_iPhone = "UIInterfaceOrientationPortrait UIInterfaceOrientationLandscapeLeft UIInterfaceOrientationLandscapeRight";
				LD_RUNPATH_SEARCH_PATHS = (
					"$(inherited)",
					"@executable_path/Frameworks",
				);
				MARKETING_VERSION = 1.0;
				PRODUCT_BUNDLE_IDENTIFIER = com.hcdev.SwiftUIChallenge;
				PRODUCT_NAME = "$(TARGET_NAME)";
				SWIFT_EMIT_LOC_STRINGS = YES;
				SWIFT_VERSION = 5.0;
				TARGETED_DEVICE_FAMILY = "1,2";
			};
			name = Debug;
		};
		1F8A18CB2AA9A7D1009FFB26 /* Release */ = {
			isa = XCBuildConfiguration;
			buildSettings = {
				ASSETCATALOG_COMPILER_APPICON_NAME = AppIcon;
				ASSETCATALOG_COMPILER_GLOBAL_ACCENT_COLOR_NAME = AccentColor;
				CODE_SIGN_STYLE = Automatic;
				CURRENT_PROJECT_VERSION = 1;
				DEVELOPMENT_ASSET_PATHS = "\"SwiftUIChallenge/Preview Content\"";
				DEVELOPMENT_TEAM = SNTB2L8C6Q;
				ENABLE_PREVIEWS = YES;
				GENERATE_INFOPLIST_FILE = YES;
				INFOPLIST_KEY_UIApplicationSceneManifest_Generation = YES;
				INFOPLIST_KEY_UIApplicationSupportsIndirectInputEvents = YES;
				INFOPLIST_KEY_UILaunchScreen_Generation = YES;
				INFOPLIST_KEY_UISupportedInterfaceOrientations_iPad = "UIInterfaceOrientationPortrait UIInterfaceOrientationPortraitUpsideDown UIInterfaceOrientationLandscapeLeft UIInterfaceOrientationLandscapeRight";
				INFOPLIST_KEY_UISupportedInterfaceOrientations_iPhone = "UIInterfaceOrientationPortrait UIInterfaceOrientationLandscapeLeft UIInterfaceOrientationLandscapeRight";
				LD_RUNPATH_SEARCH_PATHS = (
					"$(inherited)",
					"@executable_path/Frameworks",
				);
				MARKETING_VERSION = 1.0;
				PRODUCT_BUNDLE_IDENTIFIER = com.hcdev.SwiftUIChallenge;
				PRODUCT_NAME = "$(TARGET_NAME)";
				SWIFT_EMIT_LOC_STRINGS = YES;
				SWIFT_VERSION = 5.0;
				TARGETED_DEVICE_FAMILY = "1,2";
			};
			name = Release;
		};
		1F8A18CD2AA9A7D1009FFB26 /* Debug */ = {
			isa = XCBuildConfiguration;
			buildSettings = {
				ALWAYS_EMBED_SWIFT_STANDARD_LIBRARIES = YES;
				BUNDLE_LOADER = "$(TEST_HOST)";
				CODE_SIGN_STYLE = Automatic;
				CURRENT_PROJECT_VERSION = 1;
				DEVELOPMENT_TEAM = SNTB2L8C6Q;
				GENERATE_INFOPLIST_FILE = YES;
				IPHONEOS_DEPLOYMENT_TARGET = 16.4;
				MARKETING_VERSION = 1.0;
				PRODUCT_BUNDLE_IDENTIFIER = com.hcdev.SwiftUIChallengeTests;
				PRODUCT_NAME = "$(TARGET_NAME)";
				SWIFT_EMIT_LOC_STRINGS = NO;
				SWIFT_VERSION = 5.0;
				TARGETED_DEVICE_FAMILY = "1,2";
				TEST_HOST = "$(BUILT_PRODUCTS_DIR)/SwiftUIChallenge.app/$(BUNDLE_EXECUTABLE_FOLDER_PATH)/SwiftUIChallenge";
			};
			name = Debug;
		};
		1F8A18CE2AA9A7D1009FFB26 /* Release */ = {
			isa = XCBuildConfiguration;
			buildSettings = {
				ALWAYS_EMBED_SWIFT_STANDARD_LIBRARIES = YES;
				BUNDLE_LOADER = "$(TEST_HOST)";
				CODE_SIGN_STYLE = Automatic;
				CURRENT_PROJECT_VERSION = 1;
				DEVELOPMENT_TEAM = SNTB2L8C6Q;
				GENERATE_INFOPLIST_FILE = YES;
				IPHONEOS_DEPLOYMENT_TARGET = 16.4;
				MARKETING_VERSION = 1.0;
				PRODUCT_BUNDLE_IDENTIFIER = com.hcdev.SwiftUIChallengeTests;
				PRODUCT_NAME = "$(TARGET_NAME)";
				SWIFT_EMIT_LOC_STRINGS = NO;
				SWIFT_VERSION = 5.0;
				TARGETED_DEVICE_FAMILY = "1,2";
				TEST_HOST = "$(BUILT_PRODUCTS_DIR)/SwiftUIChallenge.app/$(BUNDLE_EXECUTABLE_FOLDER_PATH)/SwiftUIChallenge";
			};
			name = Release;
		};
		1F8A18D02AA9A7D1009FFB26 /* Debug */ = {
			isa = XCBuildConfiguration;
			buildSettings = {
				ALWAYS_EMBED_SWIFT_STANDARD_LIBRARIES = YES;
				CODE_SIGN_STYLE = Automatic;
				CURRENT_PROJECT_VERSION = 1;
				DEVELOPMENT_TEAM = SNTB2L8C6Q;
				GENERATE_INFOPLIST_FILE = YES;
				MARKETING_VERSION = 1.0;
				PRODUCT_BUNDLE_IDENTIFIER = com.hcdev.SwiftUIChallengeUITests;
				PRODUCT_NAME = "$(TARGET_NAME)";
				SWIFT_EMIT_LOC_STRINGS = NO;
				SWIFT_VERSION = 5.0;
				TARGETED_DEVICE_FAMILY = "1,2";
				TEST_TARGET_NAME = SwiftUIChallenge;
			};
			name = Debug;
		};
		1F8A18D12AA9A7D1009FFB26 /* Release */ = {
			isa = XCBuildConfiguration;
			buildSettings = {
				ALWAYS_EMBED_SWIFT_STANDARD_LIBRARIES = YES;
				CODE_SIGN_STYLE = Automatic;
				CURRENT_PROJECT_VERSION = 1;
				DEVELOPMENT_TEAM = SNTB2L8C6Q;
				GENERATE_INFOPLIST_FILE = YES;
				MARKETING_VERSION = 1.0;
				PRODUCT_BUNDLE_IDENTIFIER = com.hcdev.SwiftUIChallengeUITests;
				PRODUCT_NAME = "$(TARGET_NAME)";
				SWIFT_EMIT_LOC_STRINGS = NO;
				SWIFT_VERSION = 5.0;
				TARGETED_DEVICE_FAMILY = "1,2";
				TEST_TARGET_NAME = SwiftUIChallenge;
			};
			name = Release;
		};
/* End XCBuildConfiguration section */

/* Begin XCConfigurationList section */
		1F8A18A02AA9A7CD009FFB26 /* Build configuration list for PBXProject "SwiftUIChallenge" */ = {
			isa = XCConfigurationList;
			buildConfigurations = (
				1F8A18C72AA9A7D1009FFB26 /* Debug */,
				1F8A18C82AA9A7D1009FFB26 /* Release */,
			);
			defaultConfigurationIsVisible = 0;
			defaultConfigurationName = Release;
		};
		1F8A18C92AA9A7D1009FFB26 /* Build configuration list for PBXNativeTarget "SwiftUIChallenge" */ = {
			isa = XCConfigurationList;
			buildConfigurations = (
				1F8A18CA2AA9A7D1009FFB26 /* Debug */,
				1F8A18CB2AA9A7D1009FFB26 /* Release */,
			);
			defaultConfigurationIsVisible = 0;
			defaultConfigurationName = Release;
		};
		1F8A18CC2AA9A7D1009FFB26 /* Build configuration list for PBXNativeTarget "SwiftUIChallengeTests" */ = {
			isa = XCConfigurationList;
			buildConfigurations = (
				1F8A18CD2AA9A7D1009FFB26 /* Debug */,
				1F8A18CE2AA9A7D1009FFB26 /* Release */,
			);
			defaultConfigurationIsVisible = 0;
			defaultConfigurationName = Release;
		};
		1F8A18CF2AA9A7D1009FFB26 /* Build configuration list for PBXNativeTarget "SwiftUIChallengeUITests" */ = {
			isa = XCConfigurationList;
			buildConfigurations = (
				1F8A18D02AA9A7D1009FFB26 /* Debug */,
				1F8A18D12AA9A7D1009FFB26 /* Release */,
			);
			defaultConfigurationIsVisible = 0;
			defaultConfigurationName = Release;
		};
/* End XCConfigurationList section */
	};
	rootObject = 1F8A189D2AA9A7CD009FFB26 /* Project object */;
}
