// !$*UTF8*$!
{
	archiveVersion = 1;
	classes = {
	};
	objectVersion = 56;
	objects = {

/* Begin PBXBuildFile section */
		140A9965F9E263DA17104D1A /* Pods_SwiftUIChallengeTests.framework in Frameworks */ = {isa = PBXBuildFile; fileRef = FA39C91BE562352FB872F860 /* Pods_SwiftUIChallengeTests.framework */; };
		1F7F3EE62AAB8ED2003F6B2D /* MealModel.swift in Sources */ = {isa = PBXBuildFile; fileRef = 1F7F3EE52AAB8ED2003F6B2D /* MealModel.swift */; };
		1F7F3EE82AAB9196003F6B2D /* MealListUseCase.swift in Sources */ = {isa = PBXBuildFile; fileRef = 1F7F3EE72AAB9196003F6B2D /* MealListUseCase.swift */; };
		1F7F3EEB2AAB9244003F6B2D /* MealListViewModel.swift in Sources */ = {isa = PBXBuildFile; fileRef = 1F7F3EEA2AAB9244003F6B2D /* MealListViewModel.swift */; };
		1F8500232AAF6FF8000AF91F /* MealDetailViewModel.swift in Sources */ = {isa = PBXBuildFile; fileRef = 1F8500222AAF6FF8000AF91F /* MealDetailViewModel.swift */; };
		1F8500252AB2495E000AF91F /* MealListMapper.swift in Sources */ = {isa = PBXBuildFile; fileRef = 1F8500242AB2495E000AF91F /* MealListMapper.swift */; };
		1F88DDC92AAE539400E6B91C /* MealDetailView.swift in Sources */ = {isa = PBXBuildFile; fileRef = 1F88DDC82AAE539400E6B91C /* MealDetailView.swift */; };
		1F8A18A92AA9A7CD009FFB26 /* SwiftUIChallengeApp.swift in Sources */ = {isa = PBXBuildFile; fileRef = 1F8A18A82AA9A7CD009FFB26 /* SwiftUIChallengeApp.swift */; };
		1F8A18AB2AA9A7CD009FFB26 /* MealListView.swift in Sources */ = {isa = PBXBuildFile; fileRef = 1F8A18AA2AA9A7CD009FFB26 /* MealListView.swift */; };
		1F8A18AD2AA9A7D1009FFB26 /* Assets.xcassets in Resources */ = {isa = PBXBuildFile; fileRef = 1F8A18AC2AA9A7D1009FFB26 /* Assets.xcassets */; };
		1F8A18B02AA9A7D1009FFB26 /* Preview Assets.xcassets in Resources */ = {isa = PBXBuildFile; fileRef = 1F8A18AF2AA9A7D1009FFB26 /* Preview Assets.xcassets */; };
		1F8A18BA2AA9A7D1009FFB26 /* SwiftUIChallengeTests.swift in Sources */ = {isa = PBXBuildFile; fileRef = 1F8A18B92AA9A7D1009FFB26 /* SwiftUIChallengeTests.swift */; };
		1F8A18C42AA9A7D1009FFB26 /* SwiftUIChallengeUITests.swift in Sources */ = {isa = PBXBuildFile; fileRef = 1F8A18C32AA9A7D1009FFB26 /* SwiftUIChallengeUITests.swift */; };
		1F8A18C62AA9A7D1009FFB26 /* SwiftUIChallengeUITestsLaunchTests.swift in Sources */ = {isa = PBXBuildFile; fileRef = 1F8A18C52AA9A7D1009FFB26 /* SwiftUIChallengeUITestsLaunchTests.swift */; };
		1F95587E2AAAC89A0047D7F4 /* NetworkServiceProtocol.swift in Sources */ = {isa = PBXBuildFile; fileRef = 1F95587D2AAAC89A0047D7F4 /* NetworkServiceProtocol.swift */; };
		1F9558802AAAE8970047D7F4 /* NetworkService.swift in Sources */ = {isa = PBXBuildFile; fileRef = 1F95587F2AAAE8970047D7F4 /* NetworkService.swift */; };
		3CE0B2070258E6C1D5B86134 /* Pods_SwiftUIChallenge.framework in Frameworks */ = {isa = PBXBuildFile; fileRef = 39050CB8B0CC9140290CC6C4 /* Pods_SwiftUIChallenge.framework */; };
		9050893EE7724FCD386FFA1B /* Pods_SwiftUIChallenge_SwiftUIChallengeUITests.framework in Frameworks */ = {isa = PBXBuildFile; fileRef = D4F210329A339251D73F9932 /* Pods_SwiftUIChallenge_SwiftUIChallengeUITests.framework */; };
/* End PBXBuildFile section */

/* Begin PBXContainerItemProxy section */
		1F8A18B62AA9A7D1009FFB26 /* PBXContainerItemProxy */ = {
			isa = PBXContainerItemProxy;
			containerPortal = 1F8A189D2AA9A7CD009FFB26 /* Project object */;
			proxyType = 1;
			remoteGlobalIDString = 1F8A18A42AA9A7CD009FFB26;
			remoteInfo = SwiftUIChallenge;
		};
		1F8A18C02AA9A7D1009FFB26 /* PBXContainerItemProxy */ = {
			isa = PBXContainerItemProxy;
			containerPortal = 1F8A189D2AA9A7CD009FFB26 /* Project object */;
			proxyType = 1;
			remoteGlobalIDString = 1F8A18A42AA9A7CD009FFB26;
			remoteInfo = SwiftUIChallenge;
		};
/* End PBXContainerItemProxy section */

/* Begin PBXFileReference section */
		02FCD50A65A24A753E2DC725 /* Pods-SwiftUIChallengeTests.debug.xcconfig */ = {isa = PBXFileReference; includeInIndex = 1; lastKnownFileType = text.xcconfig; name = "Pods-SwiftUIChallengeTests.debug.xcconfig"; path = "Target Support Files/Pods-SwiftUIChallengeTests/Pods-SwiftUIChallengeTests.debug.xcconfig"; sourceTree = "<group>"; };
		1F7F3EE52AAB8ED2003F6B2D /* MealModel.swift */ = {isa = PBXFileReference; lastKnownFileType = sourcecode.swift; path = MealModel.swift; sourceTree = "<group>"; };
		1F7F3EE72AAB9196003F6B2D /* MealListUseCase.swift */ = {isa = PBXFileReference; lastKnownFileType = sourcecode.swift; path = MealListUseCase.swift; sourceTree = "<group>"; };
		1F7F3EEA2AAB9244003F6B2D /* MealListViewModel.swift */ = {isa = PBXFileReference; lastKnownFileType = sourcecode.swift; path = MealListViewModel.swift; sourceTree = "<group>"; };
		1F8500222AAF6FF8000AF91F /* MealDetailViewModel.swift */ = {isa = PBXFileReference; lastKnownFileType = sourcecode.swift; path = MealDetailViewModel.swift; sourceTree = "<group>"; };
		1F8500242AB2495E000AF91F /* MealListMapper.swift */ = {isa = PBXFileReference; lastKnownFileType = sourcecode.swift; path = MealListMapper.swift; sourceTree = "<group>"; };
		1F88DDC52AAE4B6200E6B91C /* Info.plist */ = {isa = PBXFileReference; lastKnownFileType = text.plist; path = Info.plist; sourceTree = "<group>"; };
		1F88DDC82AAE539400E6B91C /* MealDetailView.swift */ = {isa = PBXFileReference; lastKnownFileType = sourcecode.swift; path = MealDetailView.swift; sourceTree = "<group>"; };
		1F8A18A52AA9A7CD009FFB26 /* SwiftUIChallenge.app */ = {isa = PBXFileReference; explicitFileType = wrapper.application; includeInIndex = 0; path = SwiftUIChallenge.app; sourceTree = BUILT_PRODUCTS_DIR; };
		1F8A18A82AA9A7CD009FFB26 /* SwiftUIChallengeApp.swift */ = {isa = PBXFileReference; lastKnownFileType = sourcecode.swift; path = SwiftUIChallengeApp.swift; sourceTree = "<group>"; };
		1F8A18AA2AA9A7CD009FFB26 /* MealListView.swift */ = {isa = PBXFileReference; lastKnownFileType = sourcecode.swift; path = MealListView.swift; sourceTree = "<group>"; };
		1F8A18AC2AA9A7D1009FFB26 /* Assets.xcassets */ = {isa = PBXFileReference; lastKnownFileType = folder.assetcatalog; path = Assets.xcassets; sourceTree = "<group>"; };
		1F8A18AF2AA9A7D1009FFB26 /* Preview Assets.xcassets */ = {isa = PBXFileReference; lastKnownFileType = folder.assetcatalog; path = "Preview Assets.xcassets"; sourceTree = "<group>"; };
		1F8A18B52AA9A7D1009FFB26 /* SwiftUIChallengeTests.xctest */ = {isa = PBXFileReference; explicitFileType = wrapper.cfbundle; includeInIndex = 0; path = SwiftUIChallengeTests.xctest; sourceTree = BUILT_PRODUCTS_DIR; };
		1F8A18B92AA9A7D1009FFB26 /* SwiftUIChallengeTests.swift */ = {isa = PBXFileReference; lastKnownFileType = sourcecode.swift; path = SwiftUIChallengeTests.swift; sourceTree = "<group>"; };
		1F8A18BF2AA9A7D1009FFB26 /* SwiftUIChallengeUITests.xctest */ = {isa = PBXFileReference; explicitFileType = wrapper.cfbundle; includeInIndex = 0; path = SwiftUIChallengeUITests.xctest; sourceTree = BUILT_PRODUCTS_DIR; };
		1F8A18C32AA9A7D1009FFB26 /* SwiftUIChallengeUITests.swift */ = {isa = PBXFileReference; lastKnownFileType = sourcecode.swift; path = SwiftUIChallengeUITests.swift; sourceTree = "<group>"; };
		1F8A18C52AA9A7D1009FFB26 /* SwiftUIChallengeUITestsLaunchTests.swift */ = {isa = PBXFileReference; lastKnownFileType = sourcecode.swift; path = SwiftUIChallengeUITestsLaunchTests.swift; sourceTree = "<group>"; };
		1F95587D2AAAC89A0047D7F4 /* NetworkServiceProtocol.swift */ = {isa = PBXFileReference; lastKnownFileType = sourcecode.swift; path = NetworkServiceProtocol.swift; sourceTree = "<group>"; };
		1F95587F2AAAE8970047D7F4 /* NetworkService.swift */ = {isa = PBXFileReference; lastKnownFileType = sourcecode.swift; path = NetworkService.swift; sourceTree = "<group>"; };
		39050CB8B0CC9140290CC6C4 /* Pods_SwiftUIChallenge.framework */ = {isa = PBXFileReference; explicitFileType = wrapper.framework; includeInIndex = 0; path = Pods_SwiftUIChallenge.framework; sourceTree = BUILT_PRODUCTS_DIR; };
		52BABC85E58B3893B62378E8 /* Pods-SwiftUIChallenge-SwiftUIChallengeUITests.debug.xcconfig */ = {isa = PBXFileReference; includeInIndex = 1; lastKnownFileType = text.xcconfig; name = "Pods-SwiftUIChallenge-SwiftUIChallengeUITests.debug.xcconfig"; path = "Target Support Files/Pods-SwiftUIChallenge-SwiftUIChallengeUITests/Pods-SwiftUIChallenge-SwiftUIChallengeUITests.debug.xcconfig"; sourceTree = "<group>"; };
		5A232A2688769FB512C23651 /* Pods-SwiftUIChallenge.debug.xcconfig */ = {isa = PBXFileReference; includeInIndex = 1; lastKnownFileType = text.xcconfig; name = "Pods-SwiftUIChallenge.debug.xcconfig"; path = "Target Support Files/Pods-SwiftUIChallenge/Pods-SwiftUIChallenge.debug.xcconfig"; sourceTree = "<group>"; };
		B86FCDF60731F1CA752F0DE7 /* Pods-SwiftUIChallenge-SwiftUIChallengeUITests.release.xcconfig */ = {isa = PBXFileReference; includeInIndex = 1; lastKnownFileType = text.xcconfig; name = "Pods-SwiftUIChallenge-SwiftUIChallengeUITests.release.xcconfig"; path = "Target Support Files/Pods-SwiftUIChallenge-SwiftUIChallengeUITests/Pods-SwiftUIChallenge-SwiftUIChallengeUITests.release.xcconfig"; sourceTree = "<group>"; };
		D4F210329A339251D73F9932 /* Pods_SwiftUIChallenge_SwiftUIChallengeUITests.framework */ = {isa = PBXFileReference; explicitFileType = wrapper.framework; includeInIndex = 0; path = Pods_SwiftUIChallenge_SwiftUIChallengeUITests.framework; sourceTree = BUILT_PRODUCTS_DIR; };
		EB3800E4179EEAF1EF78483C /* Pods-SwiftUIChallengeTests.release.xcconfig */ = {isa = PBXFileReference; includeInIndex = 1; lastKnownFileType = text.xcconfig; name = "Pods-SwiftUIChallengeTests.release.xcconfig"; path = "Target Support Files/Pods-SwiftUIChallengeTests/Pods-SwiftUIChallengeTests.release.xcconfig"; sourceTree = "<group>"; };
		F389AAFFAF8F4D38A016C7BD /* Pods-SwiftUIChallenge.release.xcconfig */ = {isa = PBXFileReference; includeInIndex = 1; lastKnownFileType = text.xcconfig; name = "Pods-SwiftUIChallenge.release.xcconfig"; path = "Target Support Files/Pods-SwiftUIChallenge/Pods-SwiftUIChallenge.release.xcconfig"; sourceTree = "<group>"; };
		FA39C91BE562352FB872F860 /* Pods_SwiftUIChallengeTests.framework */ = {isa = PBXFileReference; explicitFileType = wrapper.framework; includeInIndex = 0; path = Pods_SwiftUIChallengeTests.framework; sourceTree = BUILT_PRODUCTS_DIR; };
/* End PBXFileReference section */

/* Begin PBXFrameworksBuildPhase section */
		1F8A18A22AA9A7CD009FFB26 /* Frameworks */ = {
			isa = PBXFrameworksBuildPhase;
			buildActionMask = 2147483647;
			files = (
				3CE0B2070258E6C1D5B86134 /* Pods_SwiftUIChallenge.framework in Frameworks */,
			);
			runOnlyForDeploymentPostprocessing = 0;
		};
		1F8A18B22AA9A7D1009FFB26 /* Frameworks */ = {
			isa = PBXFrameworksBuildPhase;
			buildActionMask = 2147483647;
			files = (
				140A9965F9E263DA17104D1A /* Pods_SwiftUIChallengeTests.framework in Frameworks */,
			);
			runOnlyForDeploymentPostprocessing = 0;
		};
		1F8A18BC2AA9A7D1009FFB26 /* Frameworks */ = {
			isa = PBXFrameworksBuildPhase;
			buildActionMask = 2147483647;
			files = (
				9050893EE7724FCD386FFA1B /* Pods_SwiftUIChallenge_SwiftUIChallengeUITests.framework in Frameworks */,
			);
			runOnlyForDeploymentPostprocessing = 0;
		};
/* End PBXFrameworksBuildPhase section */

/* Begin PBXGroup section */
		1F7F3EE12AAB8DDE003F6B2D /* UseCase */ = {
			isa = PBXGroup;
			children = (
				1F7F3EE72AAB9196003F6B2D /* MealListUseCase.swift */,
			);
			path = UseCase;
			sourceTree = "<group>";
		};
		1F7F3EE22AAB8DE6003F6B2D /* Model */ = {
			isa = PBXGroup;
			children = (
				1F7F3EE52AAB8ED2003F6B2D /* MealModel.swift */,
			);
			path = Model;
			sourceTree = "<group>";
		};
		1F7F3EE32AAB8DFC003F6B2D /* MealDomain */ = {
			isa = PBXGroup;
			children = (
				1F8500202AAF6FD5000AF91F /* MealDetail */,
				1F7F3EE22AAB8DE6003F6B2D /* Model */,
				1F7F3EEC2AAB92AC003F6B2D /* MealList */,
			);
			path = MealDomain;
			sourceTree = "<group>";
		};
		1F7F3EE42AAB8E0D003F6B2D /* Mapper */ = {
			isa = PBXGroup;
			children = (
				1F8500242AB2495E000AF91F /* MealListMapper.swift */,
			);
			path = Mapper;
			sourceTree = "<group>";
		};
		1F7F3EE92AAB9231003F6B2D /* ViewModel */ = {
			isa = PBXGroup;
			children = (
				1F7F3EEA2AAB9244003F6B2D /* MealListViewModel.swift */,
			);
			path = ViewModel;
			sourceTree = "<group>";
		};
		1F7F3EEC2AAB92AC003F6B2D /* MealList */ = {
			isa = PBXGroup;
			children = (
				1F7F3EE12AAB8DDE003F6B2D /* UseCase */,
				1F7F3EE42AAB8E0D003F6B2D /* Mapper */,
				1F7F3EE92AAB9231003F6B2D /* ViewModel */,
			);
			path = MealList;
			sourceTree = "<group>";
		};
		1F8500202AAF6FD5000AF91F /* MealDetail */ = {
			isa = PBXGroup;
			children = (
				1F8500212AAF6FE2000AF91F /* ViewModel */,
			);
			path = MealDetail;
			sourceTree = "<group>";
		};
		1F8500212AAF6FE2000AF91F /* ViewModel */ = {
			isa = PBXGroup;
			children = (
				1F8500222AAF6FF8000AF91F /* MealDetailViewModel.swift */,
			);
			path = ViewModel;
			sourceTree = "<group>";
		};
		1F88DDC62AAE52D600E6B91C /* MealList */ = {
			isa = PBXGroup;
			children = (
				1F8A18AA2AA9A7CD009FFB26 /* MealListView.swift */,
			);
			path = MealList;
			sourceTree = "<group>";
		};
		1F88DDC72AAE536900E6B91C /* MealDetail */ = {
			isa = PBXGroup;
			children = (
				1F88DDC82AAE539400E6B91C /* MealDetailView.swift */,
			);
			path = MealDetail;
			sourceTree = "<group>";
		};
		1F8A189C2AA9A7CD009FFB26 = {
			isa = PBXGroup;
			children = (
				1F8A18A72AA9A7CD009FFB26 /* SwiftUIChallenge */,
				1F8A18B82AA9A7D1009FFB26 /* SwiftUIChallengeTests */,
				1F8A18C22AA9A7D1009FFB26 /* SwiftUIChallengeUITests */,
				1F8A18A62AA9A7CD009FFB26 /* Products */,
				595E8AF425A4307EF095AB6B /* Pods */,
				5C98F771924337F946A89263 /* Frameworks */,
			);
			sourceTree = "<group>";
		};
		1F8A18A62AA9A7CD009FFB26 /* Products */ = {
			isa = PBXGroup;
			children = (
				1F8A18A52AA9A7CD009FFB26 /* SwiftUIChallenge.app */,
				1F8A18B52AA9A7D1009FFB26 /* SwiftUIChallengeTests.xctest */,
				1F8A18BF2AA9A7D1009FFB26 /* SwiftUIChallengeUITests.xctest */,
			);
			name = Products;
			sourceTree = "<group>";
		};
		1F8A18A72AA9A7CD009FFB26 /* SwiftUIChallenge */ = {
			isa = PBXGroup;
			children = (
				1F88DDC52AAE4B6200E6B91C /* Info.plist */,
				1F95587B2AAAC6F20047D7F4 /* Presentation */,
				1F95587A2AAAC6EB0047D7F4 /* Domain */,
				1F9558792AAAC6E00047D7F4 /* Infrastructure */,
				1F8A18AC2AA9A7D1009FFB26 /* Assets.xcassets */,
				1F8A18AE2AA9A7D1009FFB26 /* Preview Content */,
			);
			path = SwiftUIChallenge;
			sourceTree = "<group>";
		};
		1F8A18AE2AA9A7D1009FFB26 /* Preview Content */ = {
			isa = PBXGroup;
			children = (
				1F8A18AF2AA9A7D1009FFB26 /* Preview Assets.xcassets */,
			);
			path = "Preview Content";
			sourceTree = "<group>";
		};
		1F8A18B82AA9A7D1009FFB26 /* SwiftUIChallengeTests */ = {
			isa = PBXGroup;
			children = (
				1F8A18B92AA9A7D1009FFB26 /* SwiftUIChallengeTests.swift */,
			);
			path = SwiftUIChallengeTests;
			sourceTree = "<group>";
		};
		1F8A18C22AA9A7D1009FFB26 /* SwiftUIChallengeUITests */ = {
			isa = PBXGroup;
			children = (
				1F8A18C32AA9A7D1009FFB26 /* SwiftUIChallengeUITests.swift */,
				1F8A18C52AA9A7D1009FFB26 /* SwiftUIChallengeUITestsLaunchTests.swift */,
			);
			path = SwiftUIChallengeUITests;
			sourceTree = "<group>";
		};
		1F9558792AAAC6E00047D7F4 /* Infrastructure */ = {
			isa = PBXGroup;
			children = (
				1F95587C2AAAC7CD0047D7F4 /* Network */,
			);
			path = Infrastructure;
			sourceTree = "<group>";
		};
		1F95587A2AAAC6EB0047D7F4 /* Domain */ = {
			isa = PBXGroup;
			children = (
				1F7F3EE32AAB8DFC003F6B2D /* MealDomain */,
			);
			path = Domain;
			sourceTree = "<group>";
		};
		1F95587B2AAAC6F20047D7F4 /* Presentation */ = {
			isa = PBXGroup;
			children = (
				1F88DDC72AAE536900E6B91C /* MealDetail */,
				1F88DDC62AAE52D600E6B91C /* MealList */,
				1F8A18A82AA9A7CD009FFB26 /* SwiftUIChallengeApp.swift */,
			);
			path = Presentation;
			sourceTree = "<group>";
		};
		1F95587C2AAAC7CD0047D7F4 /* Network */ = {
			isa = PBXGroup;
			children = (
				1F95587D2AAAC89A0047D7F4 /* NetworkServiceProtocol.swift */,
				1F95587F2AAAE8970047D7F4 /* NetworkService.swift */,
			);
			path = Network;
			sourceTree = "<group>";
		};
		595E8AF425A4307EF095AB6B /* Pods */ = {
			isa = PBXGroup;
			children = (
				5A232A2688769FB512C23651 /* Pods-SwiftUIChallenge.debug.xcconfig */,
				F389AAFFAF8F4D38A016C7BD /* Pods-SwiftUIChallenge.release.xcconfig */,
				52BABC85E58B3893B62378E8 /* Pods-SwiftUIChallenge-SwiftUIChallengeUITests.debug.xcconfig */,
				B86FCDF60731F1CA752F0DE7 /* Pods-SwiftUIChallenge-SwiftUIChallengeUITests.release.xcconfig */,
				02FCD50A65A24A753E2DC725 /* Pods-SwiftUIChallengeTests.debug.xcconfig */,
				EB3800E4179EEAF1EF78483C /* Pods-SwiftUIChallengeTests.release.xcconfig */,
			);
			path = Pods;
			sourceTree = "<group>";
		};
		5C98F771924337F946A89263 /* Frameworks */ = {
			isa = PBXGroup;
			children = (
				39050CB8B0CC9140290CC6C4 /* Pods_SwiftUIChallenge.framework */,
				D4F210329A339251D73F9932 /* Pods_SwiftUIChallenge_SwiftUIChallengeUITests.framework */,
				FA39C91BE562352FB872F860 /* Pods_SwiftUIChallengeTests.framework */,
			);
			name = Frameworks;
			sourceTree = "<group>";
		};
/* End PBXGroup section */

/* Begin PBXNativeTarget section */
		1F8A18A42AA9A7CD009FFB26 /* SwiftUIChallenge */ = {
			isa = PBXNativeTarget;
			buildConfigurationList = 1F8A18C92AA9A7D1009FFB26 /* Build configuration list for PBXNativeTarget "SwiftUIChallenge" */;
			buildPhases = (
				A269929CED22155A314B6168 /* [CP] Check Pods Manifest.lock */,
				1F8A18A12AA9A7CD009FFB26 /* Sources */,
				1F8A18A22AA9A7CD009FFB26 /* Frameworks */,
				1F8A18A32AA9A7CD009FFB26 /* Resources */,
				C2A2F71E8D1CD84D5679C50C /* [CP] Embed Pods Frameworks */,
			);
			buildRules = (
			);
			dependencies = (
			);
			name = SwiftUIChallenge;
			productName = SwiftUIChallenge;
			productReference = 1F8A18A52AA9A7CD009FFB26 /* SwiftUIChallenge.app */;
			productType = "com.apple.product-type.application";
		};
		1F8A18B42AA9A7D1009FFB26 /* SwiftUIChallengeTests */ = {
			isa = PBXNativeTarget;
			buildConfigurationList = 1F8A18CC2AA9A7D1009FFB26 /* Build configuration list for PBXNativeTarget "SwiftUIChallengeTests" */;
			buildPhases = (
				DAD739E1CC697267F5ED3458 /* [CP] Check Pods Manifest.lock */,
				1F8A18B12AA9A7D1009FFB26 /* Sources */,
				1F8A18B22AA9A7D1009FFB26 /* Frameworks */,
				1F8A18B32AA9A7D1009FFB26 /* Resources */,
			);
			buildRules = (
			);
			dependencies = (
				1F8A18B72AA9A7D1009FFB26 /* PBXTargetDependency */,
			);
			name = SwiftUIChallengeTests;
			productName = SwiftUIChallengeTests;
			productReference = 1F8A18B52AA9A7D1009FFB26 /* SwiftUIChallengeTests.xctest */;
			productType = "com.apple.product-type.bundle.unit-test";
		};
		1F8A18BE2AA9A7D1009FFB26 /* SwiftUIChallengeUITests */ = {
			isa = PBXNativeTarget;
			buildConfigurationList = 1F8A18CF2AA9A7D1009FFB26 /* Build configuration list for PBXNativeTarget "SwiftUIChallengeUITests" */;
			buildPhases = (
				D267CA93D0AEC7FABC881F1A /* [CP] Check Pods Manifest.lock */,
				1F8A18BB2AA9A7D1009FFB26 /* Sources */,
				1F8A18BC2AA9A7D1009FFB26 /* Frameworks */,
				1F8A18BD2AA9A7D1009FFB26 /* Resources */,
				B6E1813EBB3A690C7E283E88 /* [CP] Embed Pods Frameworks */,
			);
			buildRules = (
			);
			dependencies = (
				1F8A18C12AA9A7D1009FFB26 /* PBXTargetDependency */,
			);
			name = SwiftUIChallengeUITests;
			productName = SwiftUIChallengeUITests;
			productReference = 1F8A18BF2AA9A7D1009FFB26 /* SwiftUIChallengeUITests.xctest */;
			productType = "com.apple.product-type.bundle.ui-testing";
		};
/* End PBXNativeTarget section */

/* Begin PBXProject section */
		1F8A189D2AA9A7CD009FFB26 /* Project object */ = {
			isa = PBXProject;
			attributes = {
				BuildIndependentTargetsInParallel = 1;
				LastSwiftUpdateCheck = 1430;
				LastUpgradeCheck = 1430;
				TargetAttributes = {
					1F8A18A42AA9A7CD009FFB26 = {
						CreatedOnToolsVersion = 14.3.1;
					};
					1F8A18B42AA9A7D1009FFB26 = {
						CreatedOnToolsVersion = 14.3.1;
						TestTargetID = 1F8A18A42AA9A7CD009FFB26;
					};
					1F8A18BE2AA9A7D1009FFB26 = {
						CreatedOnToolsVersion = 14.3.1;
						TestTargetID = 1F8A18A42AA9A7CD009FFB26;
					};
				};
			};
			buildConfigurationList = 1F8A18A02AA9A7CD009FFB26 /* Build configuration list for PBXProject "SwiftUIChallenge" */;
			compatibilityVersion = "Xcode 14.0";
			developmentRegion = en;
			hasScannedForEncodings = 0;
			knownRegions = (
				en,
				Base,
			);
			mainGroup = 1F8A189C2AA9A7CD009FFB26;
			productRefGroup = 1F8A18A62AA9A7CD009FFB26 /* Products */;
			projectDirPath = "";
			projectRoot = "";
			targets = (
				1F8A18A42AA9A7CD009FFB26 /* SwiftUIChallenge */,
				1F8A18B42AA9A7D1009FFB26 /* SwiftUIChallengeTests */,
				1F8A18BE2AA9A7D1009FFB26 /* SwiftUIChallengeUITests */,
			);
		};
/* End PBXProject section */

/* Begin PBXResourcesBuildPhase section */
		1F8A18A32AA9A7CD009FFB26 /* Resources */ = {
			isa = PBXResourcesBuildPhase;
			buildActionMask = 2147483647;
			files = (
				1F8A18B02AA9A7D1009FFB26 /* Preview Assets.xcassets in Resources */,
				1F8A18AD2AA9A7D1009FFB26 /* Assets.xcassets in Resources */,
			);
			runOnlyForDeploymentPostprocessing = 0;
		};
		1F8A18B32AA9A7D1009FFB26 /* Resources */ = {
			isa = PBXResourcesBuildPhase;
			buildActionMask = 2147483647;
			files = (
			);
			runOnlyForDeploymentPostprocessing = 0;
		};
		1F8A18BD2AA9A7D1009FFB26 /* Resources */ = {
			isa = PBXResourcesBuildPhase;
			buildActionMask = 2147483647;
			files = (
			);
			runOnlyForDeploymentPostprocessing = 0;
		};
/* End PBXResourcesBuildPhase section */

/* Begin PBXShellScriptBuildPhase section */
		A269929CED22155A314B6168 /* [CP] Check Pods Manifest.lock */ = {
			isa = PBXShellScriptBuildPhase;
			buildActionMask = 2147483647;
			files = (
			);
			inputFileListPaths = (
			);
			inputPaths = (
				"${PODS_PODFILE_DIR_PATH}/Podfile.lock",
				"${PODS_ROOT}/Manifest.lock",
			);
			name = "[CP] Check Pods Manifest.lock";
			outputFileListPaths = (
			);
			outputPaths = (
				"$(DERIVED_FILE_DIR)/Pods-SwiftUIChallenge-checkManifestLockResult.txt",
			);
			runOnlyForDeploymentPostprocessing = 0;
			shellPath = /bin/sh;
			shellScript = "diff \"${PODS_PODFILE_DIR_PATH}/Podfile.lock\" \"${PODS_ROOT}/Manifest.lock\" > /dev/null\nif [ $? != 0 ] ; then\n    # print error to STDERR\n    echo \"error: The sandbox is not in sync with the Podfile.lock. Run 'pod install' or update your CocoaPods installation.\" >&2\n    exit 1\nfi\n# This output is used by Xcode 'outputs' to avoid re-running this script phase.\necho \"SUCCESS\" > \"${SCRIPT_OUTPUT_FILE_0}\"\n";
			showEnvVarsInLog = 0;
		};
		B6E1813EBB3A690C7E283E88 /* [CP] Embed Pods Frameworks */ = {
			isa = PBXShellScriptBuildPhase;
			buildActionMask = 2147483647;
			files = (
			);
			inputFileListPaths = (
				"${PODS_ROOT}/Target Support Files/Pods-SwiftUIChallenge-SwiftUIChallengeUITests/Pods-SwiftUIChallenge-SwiftUIChallengeUITests-frameworks-${CONFIGURATION}-input-files.xcfilelist",
			);
			name = "[CP] Embed Pods Frameworks";
			outputFileListPaths = (
				"${PODS_ROOT}/Target Support Files/Pods-SwiftUIChallenge-SwiftUIChallengeUITests/Pods-SwiftUIChallenge-SwiftUIChallengeUITests-frameworks-${CONFIGURATION}-output-files.xcfilelist",
			);
			runOnlyForDeploymentPostprocessing = 0;
			shellPath = /bin/sh;
			shellScript = "\"${PODS_ROOT}/Target Support Files/Pods-SwiftUIChallenge-SwiftUIChallengeUITests/Pods-SwiftUIChallenge-SwiftUIChallengeUITests-frameworks.sh\"\n";
			showEnvVarsInLog = 0;
		};
		C2A2F71E8D1CD84D5679C50C /* [CP] Embed Pods Frameworks */ = {
			isa = PBXShellScriptBuildPhase;
			buildActionMask = 2147483647;
			files = (
			);
			inputFileListPaths = (
				"${PODS_ROOT}/Target Support Files/Pods-SwiftUIChallenge/Pods-SwiftUIChallenge-frameworks-${CONFIGURATION}-input-files.xcfilelist",
			);
			name = "[CP] Embed Pods Frameworks";
			outputFileListPaths = (
				"${PODS_ROOT}/Target Support Files/Pods-SwiftUIChallenge/Pods-SwiftUIChallenge-frameworks-${CONFIGURATION}-output-files.xcfilelist",
			);
			runOnlyForDeploymentPostprocessing = 0;
			shellPath = /bin/sh;
			shellScript = "\"${PODS_ROOT}/Target Support Files/Pods-SwiftUIChallenge/Pods-SwiftUIChallenge-frameworks.sh\"\n";
			showEnvVarsInLog = 0;
		};
		D267CA93D0AEC7FABC881F1A /* [CP] Check Pods Manifest.lock */ = {
			isa = PBXShellScriptBuildPhase;
			buildActionMask = 2147483647;
			files = (
			);
			inputFileListPaths = (
			);
			inputPaths = (
				"${PODS_PODFILE_DIR_PATH}/Podfile.lock",
				"${PODS_ROOT}/Manifest.lock",
			);
			name = "[CP] Check Pods Manifest.lock";
			outputFileListPaths = (
			);
			outputPaths = (
				"$(DERIVED_FILE_DIR)/Pods-SwiftUIChallenge-SwiftUIChallengeUITests-checkManifestLockResult.txt",
			);
			runOnlyForDeploymentPostprocessing = 0;
			shellPath = /bin/sh;
			shellScript = "diff \"${PODS_PODFILE_DIR_PATH}/Podfile.lock\" \"${PODS_ROOT}/Manifest.lock\" > /dev/null\nif [ $? != 0 ] ; then\n    # print error to STDERR\n    echo \"error: The sandbox is not in sync with the Podfile.lock. Run 'pod install' or update your CocoaPods installation.\" >&2\n    exit 1\nfi\n# This output is used by Xcode 'outputs' to avoid re-running this script phase.\necho \"SUCCESS\" > \"${SCRIPT_OUTPUT_FILE_0}\"\n";
			showEnvVarsInLog = 0;
		};
		DAD739E1CC697267F5ED3458 /* [CP] Check Pods Manifest.lock */ = {
			isa = PBXShellScriptBuildPhase;
			buildActionMask = 2147483647;
			files = (
			);
			inputFileListPaths = (
			);
			inputPaths = (
				"${PODS_PODFILE_DIR_PATH}/Podfile.lock",
				"${PODS_ROOT}/Manifest.lock",
			);
			name = "[CP] Check Pods Manifest.lock";
			outputFileListPaths = (
			);
			outputPaths = (
				"$(DERIVED_FILE_DIR)/Pods-SwiftUIChallengeTests-checkManifestLockResult.txt",
			);
			runOnlyForDeploymentPostprocessing = 0;
			shellPath = /bin/sh;
			shellScript = "diff \"${PODS_PODFILE_DIR_PATH}/Podfile.lock\" \"${PODS_ROOT}/Manifest.lock\" > /dev/null\nif [ $? != 0 ] ; then\n    # print error to STDERR\n    echo \"error: The sandbox is not in sync with the Podfile.lock. Run 'pod install' or update your CocoaPods installation.\" >&2\n    exit 1\nfi\n# This output is used by Xcode 'outputs' to avoid re-running this script phase.\necho \"SUCCESS\" > \"${SCRIPT_OUTPUT_FILE_0}\"\n";
			showEnvVarsInLog = 0;
		};
/* End PBXShellScriptBuildPhase section */

/* Begin PBXSourcesBuildPhase section */
		1F8A18A12AA9A7CD009FFB26 /* Sources */ = {
			isa = PBXSourcesBuildPhase;
			buildActionMask = 2147483647;
			files = (
				1F7F3EE62AAB8ED2003F6B2D /* MealModel.swift in Sources */,
				1F8A18AB2AA9A7CD009FFB26 /* MealListView.swift in Sources */,
				1F7F3EEB2AAB9244003F6B2D /* MealListViewModel.swift in Sources */,
				1F7F3EE82AAB9196003F6B2D /* MealListUseCase.swift in Sources */,
				1F88DDC92AAE539400E6B91C /* MealDetailView.swift in Sources */,
				1F8500252AB2495E000AF91F /* MealListMapper.swift in Sources */,
				1F8A18A92AA9A7CD009FFB26 /* SwiftUIChallengeApp.swift in Sources */,
				1F9558802AAAE8970047D7F4 /* NetworkService.swift in Sources */,
				1F8500232AAF6FF8000AF91F /* MealDetailViewModel.swift in Sources */,
				1F95587E2AAAC89A0047D7F4 /* NetworkServiceProtocol.swift in Sources */,
			);
			runOnlyForDeploymentPostprocessing = 0;
		};
		1F8A18B12AA9A7D1009FFB26 /* Sources */ = {
			isa = PBXSourcesBuildPhase;
			buildActionMask = 2147483647;
			files = (
				1F8A18BA2AA9A7D1009FFB26 /* SwiftUIChallengeTests.swift in Sources */,
			);
			runOnlyForDeploymentPostprocessing = 0;
		};
		1F8A18BB2AA9A7D1009FFB26 /* Sources */ = {
			isa = PBXSourcesBuildPhase;
			buildActionMask = 2147483647;
			files = (
				1F8A18C62AA9A7D1009FFB26 /* SwiftUIChallengeUITestsLaunchTests.swift in Sources */,
				1F8A18C42AA9A7D1009FFB26 /* SwiftUIChallengeUITests.swift in Sources */,
			);
			runOnlyForDeploymentPostprocessing = 0;
		};
/* End PBXSourcesBuildPhase section */

/* Begin PBXTargetDependency section */
		1F8A18B72AA9A7D1009FFB26 /* PBXTargetDependency */ = {
			isa = PBXTargetDependency;
			target = 1F8A18A42AA9A7CD009FFB26 /* SwiftUIChallenge */;
			targetProxy = 1F8A18B62AA9A7D1009FFB26 /* PBXContainerItemProxy */;
		};
		1F8A18C12AA9A7D1009FFB26 /* PBXTargetDependency */ = {
			isa = PBXTargetDependency;
			target = 1F8A18A42AA9A7CD009FFB26 /* SwiftUIChallenge */;
			targetProxy = 1F8A18C02AA9A7D1009FFB26 /* PBXContainerItemProxy */;
		};
/* End PBXTargetDependency section */

/* Begin XCBuildConfiguration section */
		1F8A18C72AA9A7D1009FFB26 /* Debug */ = {
			isa = XCBuildConfiguration;
			buildSettings = {
				ALWAYS_SEARCH_USER_PATHS = NO;
				CLANG_ANALYZER_NONNULL = YES;
				CLANG_ANALYZER_NUMBER_OBJECT_CONVERSION = YES_AGGRESSIVE;
				CLANG_CXX_LANGUAGE_STANDARD = "gnu++20";
				CLANG_ENABLE_MODULES = YES;
				CLANG_ENABLE_OBJC_ARC = YES;
				CLANG_ENABLE_OBJC_WEAK = YES;
				CLANG_WARN_BLOCK_CAPTURE_AUTORELEASING = YES;
				CLANG_WARN_BOOL_CONVERSION = YES;
				CLANG_WARN_COMMA = YES;
				CLANG_WARN_CONSTANT_CONVERSION = YES;
				CLANG_WARN_DEPRECATED_OBJC_IMPLEMENTATIONS = YES;
				CLANG_WARN_DIRECT_OBJC_ISA_USAGE = YES_ERROR;
				CLANG_WARN_DOCUMENTATION_COMMENTS = YES;
				CLANG_WARN_EMPTY_BODY = YES;
				CLANG_WARN_ENUM_CONVERSION = YES;
				CLANG_WARN_INFINITE_RECURSION = YES;
				CLANG_WARN_INT_CONVERSION = YES;
				CLANG_WARN_NON_LITERAL_NULL_CONVERSION = YES;
				CLANG_WARN_OBJC_IMPLICIT_RETAIN_SELF = YES;
				CLANG_WARN_OBJC_LITERAL_CONVERSION = YES;
				CLANG_WARN_OBJC_ROOT_CLASS = YES_ERROR;
				CLANG_WARN_QUOTED_INCLUDE_IN_FRAMEWORK_HEADER = YES;
				CLANG_WARN_RANGE_LOOP_ANALYSIS = YES;
				CLANG_WARN_STRICT_PROTOTYPES = YES;
				CLANG_WARN_SUSPICIOUS_MOVE = YES;
				CLANG_WARN_UNGUARDED_AVAILABILITY = YES_AGGRESSIVE;
				CLANG_WARN_UNREACHABLE_CODE = YES;
				CLANG_WARN__DUPLICATE_METHOD_MATCH = YES;
				COPY_PHASE_STRIP = NO;
				DEBUG_INFORMATION_FORMAT = dwarf;
				ENABLE_STRICT_OBJC_MSGSEND = YES;
				ENABLE_TESTABILITY = YES;
				GCC_C_LANGUAGE_STANDARD = gnu11;
				GCC_DYNAMIC_NO_PIC = NO;
				GCC_NO_COMMON_BLOCKS = YES;
				GCC_OPTIMIZATION_LEVEL = 0;
				GCC_PREPROCESSOR_DEFINITIONS = (
					"DEBUG=1",
					"$(inherited)",
				);
				GCC_WARN_64_TO_32_BIT_CONVERSION = YES;
				GCC_WARN_ABOUT_RETURN_TYPE = YES_ERROR;
				GCC_WARN_UNDECLARED_SELECTOR = YES;
				GCC_WARN_UNINITIALIZED_AUTOS = YES_AGGRESSIVE;
				GCC_WARN_UNUSED_FUNCTION = YES;
				GCC_WARN_UNUSED_VARIABLE = YES;
				IPHONEOS_DEPLOYMENT_TARGET = 16.4;
				MTL_ENABLE_DEBUG_INFO = INCLUDE_SOURCE;
				MTL_FAST_MATH = YES;
				ONLY_ACTIVE_ARCH = YES;
				SDKROOT = iphoneos;
				SWIFT_ACTIVE_COMPILATION_CONDITIONS = DEBUG;
				SWIFT_OPTIMIZATION_LEVEL = "-Onone";
			};
			name = Debug;
		};
		1F8A18C82AA9A7D1009FFB26 /* Release */ = {
			isa = XCBuildConfiguration;
			buildSettings = {
				ALWAYS_SEARCH_USER_PATHS = NO;
				CLANG_ANALYZER_NONNULL = YES;
				CLANG_ANALYZER_NUMBER_OBJECT_CONVERSION = YES_AGGRESSIVE;
				CLANG_CXX_LANGUAGE_STANDARD = "gnu++20";
				CLANG_ENABLE_MODULES = YES;
				CLANG_ENABLE_OBJC_ARC = YES;
				CLANG_ENABLE_OBJC_WEAK = YES;
				CLANG_WARN_BLOCK_CAPTURE_AUTORELEASING = YES;
				CLANG_WARN_BOOL_CONVERSION = YES;
				CLANG_WARN_COMMA = YES;
				CLANG_WARN_CONSTANT_CONVERSION = YES;
				CLANG_WARN_DEPRECATED_OBJC_IMPLEMENTATIONS = YES;
				CLANG_WARN_DIRECT_OBJC_ISA_USAGE = YES_ERROR;
				CLANG_WARN_DOCUMENTATION_COMMENTS = YES;
				CLANG_WARN_EMPTY_BODY = YES;
				CLANG_WARN_ENUM_CONVERSION = YES;
				CLANG_WARN_INFINITE_RECURSION = YES;
				CLANG_WARN_INT_CONVERSION = YES;
				CLANG_WARN_NON_LITERAL_NULL_CONVERSION = YES;
				CLANG_WARN_OBJC_IMPLICIT_RETAIN_SELF = YES;
				CLANG_WARN_OBJC_LITERAL_CONVERSION = YES;
				CLANG_WARN_OBJC_ROOT_CLASS = YES_ERROR;
				CLANG_WARN_QUOTED_INCLUDE_IN_FRAMEWORK_HEADER = YES;
				CLANG_WARN_RANGE_LOOP_ANALYSIS = YES;
				CLANG_WARN_STRICT_PROTOTYPES = YES;
				CLANG_WARN_SUSPICIOUS_MOVE = YES;
				CLANG_WARN_UNGUARDED_AVAILABILITY = YES_AGGRESSIVE;
				CLANG_WARN_UNREACHABLE_CODE = YES;
				CLANG_WARN__DUPLICATE_METHOD_MATCH = YES;
				COPY_PHASE_STRIP = NO;
				DEBUG_INFORMATION_FORMAT = "dwarf-with-dsym";
				ENABLE_NS_ASSERTIONS = NO;
				ENABLE_STRICT_OBJC_MSGSEND = YES;
				GCC_C_LANGUAGE_STANDARD = gnu11;
				GCC_NO_COMMON_BLOCKS = YES;
				GCC_WARN_64_TO_32_BIT_CONVERSION = YES;
				GCC_WARN_ABOUT_RETURN_TYPE = YES_ERROR;
				GCC_WARN_UNDECLARED_SELECTOR = YES;
				GCC_WARN_UNINITIALIZED_AUTOS = YES_AGGRESSIVE;
				GCC_WARN_UNUSED_FUNCTION = YES;
				GCC_WARN_UNUSED_VARIABLE = YES;
				IPHONEOS_DEPLOYMENT_TARGET = 16.4;
				MTL_ENABLE_DEBUG_INFO = NO;
				MTL_FAST_MATH = YES;
				SDKROOT = iphoneos;
				SWIFT_COMPILATION_MODE = wholemodule;
				SWIFT_OPTIMIZATION_LEVEL = "-O";
				VALIDATE_PRODUCT = YES;
			};
			name = Release;
		};
		1F8A18CA2AA9A7D1009FFB26 /* Debug */ = {
			isa = XCBuildConfiguration;
			baseConfigurationReference = 5A232A2688769FB512C23651 /* Pods-SwiftUIChallenge.debug.xcconfig */;
			buildSettings = {
				ASSETCATALOG_COMPILER_APPICON_NAME = AppIcon;
				ASSETCATALOG_COMPILER_GLOBAL_ACCENT_COLOR_NAME = AccentColor;
				CODE_SIGN_STYLE = Automatic;
				CURRENT_PROJECT_VERSION = 1;
				DEVELOPMENT_ASSET_PATHS = "\"SwiftUIChallenge/Preview Content\"";
				DEVELOPMENT_TEAM = SNTB2L8C6Q;
				ENABLE_PREVIEWS = YES;
				GENERATE_INFOPLIST_FILE = YES;
				INFOPLIST_FILE = SwiftUIChallenge/Info.plist;
				INFOPLIST_KEY_UIApplicationSceneManifest_Generation = YES;
				INFOPLIST_KEY_UIApplicationSupportsIndirectInputEvents = YES;
				INFOPLIST_KEY_UILaunchScreen_Generation = YES;
				INFOPLIST_KEY_UISupportedInterfaceOrientations_iPad = "UIInterfaceOrientationPortrait UIInterfaceOrientationPortraitUpsideDown UIInterfaceOrientationLandscapeLeft UIInterfaceOrientationLandscapeRight";
				INFOPLIST_KEY_UISupportedInterfaceOrientations_iPhone = "UIInterfaceOrientationPortrait UIInterfaceOrientationLandscapeLeft UIInterfaceOrientationLandscapeRight";
				LD_RUNPATH_SEARCH_PATHS = (
					"$(inherited)",
					"@executable_path/Frameworks",
				);
				MARKETING_VERSION = 1.0;
				PRODUCT_BUNDLE_IDENTIFIER = com.hcdev.SwiftUIChallenge;
				PRODUCT_NAME = "$(TARGET_NAME)";
				SWIFT_EMIT_LOC_STRINGS = YES;
				SWIFT_VERSION = 5.0;
				TARGETED_DEVICE_FAMILY = "1,2";
			};
			name = Debug;
		};
		1F8A18CB2AA9A7D1009FFB26 /* Release */ = {
			isa = XCBuildConfiguration;
			baseConfigurationReference = F389AAFFAF8F4D38A016C7BD /* Pods-SwiftUIChallenge.release.xcconfig */;
			buildSettings = {
				ASSETCATALOG_COMPILER_APPICON_NAME = AppIcon;
				ASSETCATALOG_COMPILER_GLOBAL_ACCENT_COLOR_NAME = AccentColor;
				CODE_SIGN_STYLE = Automatic;
				CURRENT_PROJECT_VERSION = 1;
				DEVELOPMENT_ASSET_PATHS = "\"SwiftUIChallenge/Preview Content\"";
				DEVELOPMENT_TEAM = SNTB2L8C6Q;
				ENABLE_PREVIEWS = YES;
				GENERATE_INFOPLIST_FILE = YES;
				INFOPLIST_FILE = SwiftUIChallenge/Info.plist;
				INFOPLIST_KEY_UIApplicationSceneManifest_Generation = YES;
				INFOPLIST_KEY_UIApplicationSupportsIndirectInputEvents = YES;
				INFOPLIST_KEY_UILaunchScreen_Generation = YES;
				INFOPLIST_KEY_UISupportedInterfaceOrientations_iPad = "UIInterfaceOrientationPortrait UIInterfaceOrientationPortraitUpsideDown UIInterfaceOrientationLandscapeLeft UIInterfaceOrientationLandscapeRight";
				INFOPLIST_KEY_UISupportedInterfaceOrientations_iPhone = "UIInterfaceOrientationPortrait UIInterfaceOrientationLandscapeLeft UIInterfaceOrientationLandscapeRight";
				LD_RUNPATH_SEARCH_PATHS = (
					"$(inherited)",
					"@executable_path/Frameworks",
				);
				MARKETING_VERSION = 1.0;
				PRODUCT_BUNDLE_IDENTIFIER = com.hcdev.SwiftUIChallenge;
				PRODUCT_NAME = "$(TARGET_NAME)";
				SWIFT_EMIT_LOC_STRINGS = YES;
				SWIFT_VERSION = 5.0;
				TARGETED_DEVICE_FAMILY = "1,2";
			};
			name = Release;
		};
		1F8A18CD2AA9A7D1009FFB26 /* Debug */ = {
			isa = XCBuildConfiguration;
			baseConfigurationReference = 02FCD50A65A24A753E2DC725 /* Pods-SwiftUIChallengeTests.debug.xcconfig */;
			buildSettings = {
				ALWAYS_EMBED_SWIFT_STANDARD_LIBRARIES = YES;
				BUNDLE_LOADER = "$(TEST_HOST)";
				CODE_SIGN_STYLE = Automatic;
				CURRENT_PROJECT_VERSION = 1;
				DEVELOPMENT_TEAM = SNTB2L8C6Q;
				GENERATE_INFOPLIST_FILE = YES;
				IPHONEOS_DEPLOYMENT_TARGET = 16.4;
				MARKETING_VERSION = 1.0;
				PRODUCT_BUNDLE_IDENTIFIER = com.hcdev.SwiftUIChallengeTests;
				PRODUCT_NAME = "$(TARGET_NAME)";
				SWIFT_EMIT_LOC_STRINGS = NO;
				SWIFT_VERSION = 5.0;
				TARGETED_DEVICE_FAMILY = "1,2";
				TEST_HOST = "$(BUILT_PRODUCTS_DIR)/SwiftUIChallenge.app/$(BUNDLE_EXECUTABLE_FOLDER_PATH)/SwiftUIChallenge";
			};
			name = Debug;
		};
		1F8A18CE2AA9A7D1009FFB26 /* Release */ = {
			isa = XCBuildConfiguration;
			baseConfigurationReference = EB3800E4179EEAF1EF78483C /* Pods-SwiftUIChallengeTests.release.xcconfig */;
			buildSettings = {
				ALWAYS_EMBED_SWIFT_STANDARD_LIBRARIES = YES;
				BUNDLE_LOADER = "$(TEST_HOST)";
				CODE_SIGN_STYLE = Automatic;
				CURRENT_PROJECT_VERSION = 1;
				DEVELOPMENT_TEAM = SNTB2L8C6Q;
				GENERATE_INFOPLIST_FILE = YES;
				IPHONEOS_DEPLOYMENT_TARGET = 16.4;
				MARKETING_VERSION = 1.0;
				PRODUCT_BUNDLE_IDENTIFIER = com.hcdev.SwiftUIChallengeTests;
				PRODUCT_NAME = "$(TARGET_NAME)";
				SWIFT_EMIT_LOC_STRINGS = NO;
				SWIFT_VERSION = 5.0;
				TARGETED_DEVICE_FAMILY = "1,2";
				TEST_HOST = "$(BUILT_PRODUCTS_DIR)/SwiftUIChallenge.app/$(BUNDLE_EXECUTABLE_FOLDER_PATH)/SwiftUIChallenge";
			};
			name = Release;
		};
		1F8A18D02AA9A7D1009FFB26 /* Debug */ = {
			isa = XCBuildConfiguration;
			baseConfigurationReference = 52BABC85E58B3893B62378E8 /* Pods-SwiftUIChallenge-SwiftUIChallengeUITests.debug.xcconfig */;
			buildSettings = {
				ALWAYS_EMBED_SWIFT_STANDARD_LIBRARIES = YES;
				CODE_SIGN_STYLE = Automatic;
				CURRENT_PROJECT_VERSION = 1;
				DEVELOPMENT_TEAM = SNTB2L8C6Q;
				GENERATE_INFOPLIST_FILE = YES;
				MARKETING_VERSION = 1.0;
				PRODUCT_BUNDLE_IDENTIFIER = com.hcdev.SwiftUIChallengeUITests;
				PRODUCT_NAME = "$(TARGET_NAME)";
				SWIFT_EMIT_LOC_STRINGS = NO;
				SWIFT_VERSION = 5.0;
				TARGETED_DEVICE_FAMILY = "1,2";
				TEST_TARGET_NAME = SwiftUIChallenge;
			};
			name = Debug;
		};
		1F8A18D12AA9A7D1009FFB26 /* Release */ = {
			isa = XCBuildConfiguration;
			baseConfigurationReference = B86FCDF60731F1CA752F0DE7 /* Pods-SwiftUIChallenge-SwiftUIChallengeUITests.release.xcconfig */;
			buildSettings = {
				ALWAYS_EMBED_SWIFT_STANDARD_LIBRARIES = YES;
				CODE_SIGN_STYLE = Automatic;
				CURRENT_PROJECT_VERSION = 1;
				DEVELOPMENT_TEAM = SNTB2L8C6Q;
				GENERATE_INFOPLIST_FILE = YES;
				MARKETING_VERSION = 1.0;
				PRODUCT_BUNDLE_IDENTIFIER = com.hcdev.SwiftUIChallengeUITests;
				PRODUCT_NAME = "$(TARGET_NAME)";
				SWIFT_EMIT_LOC_STRINGS = NO;
				SWIFT_VERSION = 5.0;
				TARGETED_DEVICE_FAMILY = "1,2";
				TEST_TARGET_NAME = SwiftUIChallenge;
			};
			name = Release;
		};
/* End XCBuildConfiguration section */

/* Begin XCConfigurationList section */
		1F8A18A02AA9A7CD009FFB26 /* Build configuration list for PBXProject "SwiftUIChallenge" */ = {
			isa = XCConfigurationList;
			buildConfigurations = (
				1F8A18C72AA9A7D1009FFB26 /* Debug */,
				1F8A18C82AA9A7D1009FFB26 /* Release */,
			);
			defaultConfigurationIsVisible = 0;
			defaultConfigurationName = Release;
		};
		1F8A18C92AA9A7D1009FFB26 /* Build configuration list for PBXNativeTarget "SwiftUIChallenge" */ = {
			isa = XCConfigurationList;
			buildConfigurations = (
				1F8A18CA2AA9A7D1009FFB26 /* Debug */,
				1F8A18CB2AA9A7D1009FFB26 /* Release */,
			);
			defaultConfigurationIsVisible = 0;
			defaultConfigurationName = Release;
		};
		1F8A18CC2AA9A7D1009FFB26 /* Build configuration list for PBXNativeTarget "SwiftUIChallengeTests" */ = {
			isa = XCConfigurationList;
			buildConfigurations = (
				1F8A18CD2AA9A7D1009FFB26 /* Debug */,
				1F8A18CE2AA9A7D1009FFB26 /* Release */,
			);
			defaultConfigurationIsVisible = 0;
			defaultConfigurationName = Release;
		};
		1F8A18CF2AA9A7D1009FFB26 /* Build configuration list for PBXNativeTarget "SwiftUIChallengeUITests" */ = {
			isa = XCConfigurationList;
			buildConfigurations = (
				1F8A18D02AA9A7D1009FFB26 /* Debug */,
				1F8A18D12AA9A7D1009FFB26 /* Release */,
			);
			defaultConfigurationIsVisible = 0;
			defaultConfigurationName = Release;
		};
/* End XCConfigurationList section */
	};
	rootObject = 1F8A189D2AA9A7CD009FFB26 /* Project object */;
}
